Microsoft Visual Studio Solution File, Format Version 12.00
# Visual Studio 15
VisualStudioVersion = 15.0.27130.2027
MinimumVisualStudioVersion = 10.0.40219.1
Project("{FAE04EC0-301F-11D3-BF4B-00C04F79EFBC}") = "EddiCompanionAppService", "CompanionAppService\EddiCompanionAppService.csproj", "{462ED721-1C9C-43FA-8A3F-4C1644363A5A}"
EndProject
Project("{FAE04EC0-301F-11D3-BF4B-00C04F79EFBC}") = "EddiDataProviderService", "DataProviderService\EddiDataProviderService.csproj", "{C5F48807-921B-456D-A9E4-A0282E5E8CF1}"
EndProject
Project("{FAE04EC0-301F-11D3-BF4B-00C04F79EFBC}") = "Tests", "Tests\Tests.csproj", "{28758371-6B62-47B6-B2CB-7103833BEECF}"
	ProjectSection(ProjectDependencies) = postProject
		{C5F48807-921B-456D-A9E4-A0282E5E8CF1} = {C5F48807-921B-456D-A9E4-A0282E5E8CF1}
		{462ED721-1C9C-43FA-8A3F-4C1644363A5A} = {462ED721-1C9C-43FA-8A3F-4C1644363A5A}
	EndProjectSection
EndProject
Project("{FAE04EC0-301F-11D3-BF4B-00C04F79EFBC}") = "EddiDataDefinitions", "DataDefinitions\EddiDataDefinitions.csproj", "{0C845B02-E283-43D8-91A7-205AD3397371}"
EndProject
Project("{2150E333-8FDC-42A3-9474-1A3956D46DE8}") = "Solution Items", "Solution Items", "{21887F65-3357-4D63-890C-CDDBDDD9DB14}"
	ProjectSection(SolutionItems) = preProject
		docs\Contributing.md = docs\Contributing.md
		Contributors.md = Contributors.md
		images\Directory.jpg = images\Directory.jpg
		EDDI\EDDI.ico = EDDI\EDDI.ico
		Installer.iss = Installer.iss
		docs\issue_template.md = docs\issue_template.md
		LICENSE.md = LICENSE.md
		images\MainOptions.jpg = images\MainOptions.jpg
		images\MainProfile.jpg = images\MainProfile.jpg
		images\OptionsPluginSupport.jpg = images\OptionsPluginSupport.jpg
		images\OptionsVersion.jpg = images\OptionsVersion.jpg
		images\ProfileOptions.jpg = images\ProfileOptions.jpg
		images\ProfileOptionsOnLoad.jpg = images\ProfileOptionsOnLoad.jpg
		README.md = README.md
		TROUBLESHOOTING.md = TROUBLESHOOTING.md
		VoiceAttack.md = VoiceAttack.md
	EndProjectSection
EndProject
Project("{FAE04EC0-301F-11D3-BF4B-00C04F79EFBC}") = "EddiStarMapService", "StarMapService\EddiStarMapService.csproj", "{6614E6AD-65AE-49FC-850B-9DF79D1CC998}"
EndProject
Project("{FAE04EC0-301F-11D3-BF4B-00C04F79EFBC}") = "EddiSpeechService", "SpeechService\EddiSpeechService.csproj", "{19572A69-C13A-459D-AB72-2B0F034AC27F}"
EndProject
Project("{FAE04EC0-301F-11D3-BF4B-00C04F79EFBC}") = "Utilities", "Utilities\Utilities.csproj", "{CD71DD2A-86AC-44A8-959B-E1C3069966BD}"
EndProject
Project("{FAE04EC0-301F-11D3-BF4B-00C04F79EFBC}") = "EddiJournalMonitor", "JournalMonitor\EddiJournalMonitor.csproj", "{72B6F41D-0107-4D3A-8603-C3EDDA1C5243}"
EndProject
Project("{FAE04EC0-301F-11D3-BF4B-00C04F79EFBC}") = "Eddi", "EDDI\Eddi.csproj", "{EC7BA042-A370-447F-8C3E-241358CEBCBB}"
EndProject
Project("{FAE04EC0-301F-11D3-BF4B-00C04F79EFBC}") = "EddiEvents", "Events\EddiEvents.csproj", "{2BB41C51-9BE0-49C9-91FD-C4E444994ECE}"
EndProject
Project("{FAE04EC0-301F-11D3-BF4B-00C04F79EFBC}") = "EddiEddnResponder", "EDDNResponder\EddiEddnResponder.csproj", "{9ABA5418-95BB-40DB-B4BC-71698A37066D}"
EndProject
Project("{FAE04EC0-301F-11D3-BF4B-00C04F79EFBC}") = "EddiEdsmResponder", "EDSMResponder\EddiEdsmResponder.csproj", "{2C2F3380-781D-45DE-B387-AEF26B834F29}"
EndProject
Project("{FAE04EC0-301F-11D3-BF4B-00C04F79EFBC}") = "EddiSpeechResponder", "SpeechResponder\EddiSpeechResponder.csproj", "{B164BAEC-9D66-4846-B152-2F8914406B89}"
EndProject
Project("{FAE04EC0-301F-11D3-BF4B-00C04F79EFBC}") = "EddiGalnetMonitor", "GalnetMonitor\EddiGalnetMonitor.csproj", "{93B946C8-3F78-465A-8CC4-C0FC4127B762}"
EndProject
Project("{FAE04EC0-301F-11D3-BF4B-00C04F79EFBC}") = "EddiVoiceAttackResponder", "VoiceAttackResponder\EddiVoiceAttackResponder.csproj", "{8CFE0309-D2CB-4FF3-9A30-6C52A1345D08}"
EndProject
Project("{FAE04EC0-301F-11D3-BF4B-00C04F79EFBC}") = "EddiEddpMonitor", "EDDPMonitor\EddiEddpMonitor.csproj", "{C9A4F3E1-5152-4648-A409-368576975ACE}"
EndProject
Project("{FAE04EC0-301F-11D3-BF4B-00C04F79EFBC}") = "EddiMaterialMonitor", "MaterialMonitor\EddiMaterialMonitor.csproj", "{A2401E3A-586A-41FF-8237-3FB598C5FCF9}"
EndProject
Project("{FAE04EC0-301F-11D3-BF4B-00C04F79EFBC}") = "EddiShipMonitor", "ShipMonitor\EddiShipMonitor.csproj", "{5294706E-E600-4EA1-B904-66A41561E852}"
EndProject
Project("{FAE04EC0-301F-11D3-BF4B-00C04F79EFBC}") = "EddiCargoMonitor", "CargoMonitor\EddiCargoMonitor.csproj", "{C1D256BA-68B9-437A-8907-599C3A388C37}"
EndProject
Project("{FAE04EC0-301F-11D3-BF4B-00C04F79EFBC}") = "BuildInstaller", "BuildInstaller\BuildInstaller.csproj", "{482C4303-056C-47BE-95A8-48C47E31E7AD}"
	ProjectSection(ProjectDependencies) = postProject
		{0C845B02-E283-43D8-91A7-205AD3397371} = {0C845B02-E283-43D8-91A7-205AD3397371}
		{C5F48807-921B-456D-A9E4-A0282E5E8CF1} = {C5F48807-921B-456D-A9E4-A0282E5E8CF1}
		{8CFE0309-D2CB-4FF3-9A30-6C52A1345D08} = {8CFE0309-D2CB-4FF3-9A30-6C52A1345D08}
		{9ABA5418-95BB-40DB-B4BC-71698A37066D} = {9ABA5418-95BB-40DB-B4BC-71698A37066D}
		{72B6F41D-0107-4D3A-8603-C3EDDA1C5243} = {72B6F41D-0107-4D3A-8603-C3EDDA1C5243}
		{462ED721-1C9C-43FA-8A3F-4C1644363A5A} = {462ED721-1C9C-43FA-8A3F-4C1644363A5A}
		{CD71DD2A-86AC-44A8-959B-E1C3069966BD} = {CD71DD2A-86AC-44A8-959B-E1C3069966BD}
		{A2401E3A-586A-41FF-8237-3FB598C5FCF9} = {A2401E3A-586A-41FF-8237-3FB598C5FCF9}
		{EC7BA042-A370-447F-8C3E-241358CEBCBB} = {EC7BA042-A370-447F-8C3E-241358CEBCBB}
		{2BB41C51-9BE0-49C9-91FD-C4E444994ECE} = {2BB41C51-9BE0-49C9-91FD-C4E444994ECE}
		{19572A69-C13A-459D-AB72-2B0F034AC27F} = {19572A69-C13A-459D-AB72-2B0F034AC27F}
		{5294706E-E600-4EA1-B904-66A41561E852} = {5294706E-E600-4EA1-B904-66A41561E852}
		{2C2F3380-781D-45DE-B387-AEF26B834F29} = {2C2F3380-781D-45DE-B387-AEF26B834F29}
		{6614E6AD-65AE-49FC-850B-9DF79D1CC998} = {6614E6AD-65AE-49FC-850B-9DF79D1CC998}
		{C1D256BA-68B9-437A-8907-599C3A388C37} = {C1D256BA-68B9-437A-8907-599C3A388C37}
		{93B946C8-3F78-465A-8CC4-C0FC4127B762} = {93B946C8-3F78-465A-8CC4-C0FC4127B762}
		{C9A4F3E1-5152-4648-A409-368576975ACE} = {C9A4F3E1-5152-4648-A409-368576975ACE}
		{B164BAEC-9D66-4846-B152-2F8914406B89} = {B164BAEC-9D66-4846-B152-2F8914406B89}
	EndProjectSection
EndProject
Project("{FAE04EC0-301F-11D3-BF4B-00C04F79EFBC}") = "EddiStatusMonitor", "StatusMonitor\EddiStatusMonitor.csproj", "{FEC7BA2B-23C3-4F4F-96EF-BF1F1909EB03}"
EndProject
Global
	GlobalSection(SolutionConfigurationPlatforms) = preSolution
		Debug|Any CPU = Debug|Any CPU
		Release|Any CPU = Release|Any CPU
	EndGlobalSection
	GlobalSection(ProjectConfigurationPlatforms) = postSolution
		{462ED721-1C9C-43FA-8A3F-4C1644363A5A}.Debug|Any CPU.ActiveCfg = Debug|Any CPU
		{462ED721-1C9C-43FA-8A3F-4C1644363A5A}.Debug|Any CPU.Build.0 = Debug|Any CPU
		{462ED721-1C9C-43FA-8A3F-4C1644363A5A}.Release|Any CPU.ActiveCfg = Release|Any CPU
		{462ED721-1C9C-43FA-8A3F-4C1644363A5A}.Release|Any CPU.Build.0 = Release|Any CPU
		{C5F48807-921B-456D-A9E4-A0282E5E8CF1}.Debug|Any CPU.ActiveCfg = Debug|Any CPU
		{C5F48807-921B-456D-A9E4-A0282E5E8CF1}.Debug|Any CPU.Build.0 = Debug|Any CPU
		{C5F48807-921B-456D-A9E4-A0282E5E8CF1}.Release|Any CPU.ActiveCfg = Release|Any CPU
		{C5F48807-921B-456D-A9E4-A0282E5E8CF1}.Release|Any CPU.Build.0 = Release|Any CPU
		{28758371-6B62-47B6-B2CB-7103833BEECF}.Debug|Any CPU.ActiveCfg = Debug|Any CPU
		{28758371-6B62-47B6-B2CB-7103833BEECF}.Debug|Any CPU.Build.0 = Debug|Any CPU
		{28758371-6B62-47B6-B2CB-7103833BEECF}.Release|Any CPU.ActiveCfg = Release|Any CPU
		{28758371-6B62-47B6-B2CB-7103833BEECF}.Release|Any CPU.Build.0 = Release|Any CPU
		{0C845B02-E283-43D8-91A7-205AD3397371}.Debug|Any CPU.ActiveCfg = Debug|Any CPU
		{0C845B02-E283-43D8-91A7-205AD3397371}.Debug|Any CPU.Build.0 = Debug|Any CPU
		{0C845B02-E283-43D8-91A7-205AD3397371}.Release|Any CPU.ActiveCfg = Release|Any CPU
		{0C845B02-E283-43D8-91A7-205AD3397371}.Release|Any CPU.Build.0 = Release|Any CPU
		{6614E6AD-65AE-49FC-850B-9DF79D1CC998}.Debug|Any CPU.ActiveCfg = Debug|Any CPU
		{6614E6AD-65AE-49FC-850B-9DF79D1CC998}.Debug|Any CPU.Build.0 = Debug|Any CPU
		{6614E6AD-65AE-49FC-850B-9DF79D1CC998}.Release|Any CPU.ActiveCfg = Release|Any CPU
		{6614E6AD-65AE-49FC-850B-9DF79D1CC998}.Release|Any CPU.Build.0 = Release|Any CPU
		{19572A69-C13A-459D-AB72-2B0F034AC27F}.Debug|Any CPU.ActiveCfg = Debug|Any CPU
		{19572A69-C13A-459D-AB72-2B0F034AC27F}.Debug|Any CPU.Build.0 = Debug|Any CPU
		{19572A69-C13A-459D-AB72-2B0F034AC27F}.Release|Any CPU.ActiveCfg = Release|Any CPU
		{19572A69-C13A-459D-AB72-2B0F034AC27F}.Release|Any CPU.Build.0 = Release|Any CPU
		{CD71DD2A-86AC-44A8-959B-E1C3069966BD}.Debug|Any CPU.ActiveCfg = Debug|Any CPU
		{CD71DD2A-86AC-44A8-959B-E1C3069966BD}.Debug|Any CPU.Build.0 = Debug|Any CPU
		{CD71DD2A-86AC-44A8-959B-E1C3069966BD}.Release|Any CPU.ActiveCfg = Release|Any CPU
		{CD71DD2A-86AC-44A8-959B-E1C3069966BD}.Release|Any CPU.Build.0 = Release|Any CPU
		{72B6F41D-0107-4D3A-8603-C3EDDA1C5243}.Debug|Any CPU.ActiveCfg = Debug|Any CPU
		{72B6F41D-0107-4D3A-8603-C3EDDA1C5243}.Debug|Any CPU.Build.0 = Debug|Any CPU
		{72B6F41D-0107-4D3A-8603-C3EDDA1C5243}.Release|Any CPU.ActiveCfg = Release|Any CPU
		{72B6F41D-0107-4D3A-8603-C3EDDA1C5243}.Release|Any CPU.Build.0 = Release|Any CPU
		{EC7BA042-A370-447F-8C3E-241358CEBCBB}.Debug|Any CPU.ActiveCfg = Debug|Any CPU
		{EC7BA042-A370-447F-8C3E-241358CEBCBB}.Debug|Any CPU.Build.0 = Debug|Any CPU
		{EC7BA042-A370-447F-8C3E-241358CEBCBB}.Release|Any CPU.ActiveCfg = Release|Any CPU
		{EC7BA042-A370-447F-8C3E-241358CEBCBB}.Release|Any CPU.Build.0 = Release|Any CPU
		{2BB41C51-9BE0-49C9-91FD-C4E444994ECE}.Debug|Any CPU.ActiveCfg = Debug|Any CPU
		{2BB41C51-9BE0-49C9-91FD-C4E444994ECE}.Debug|Any CPU.Build.0 = Debug|Any CPU
		{2BB41C51-9BE0-49C9-91FD-C4E444994ECE}.Release|Any CPU.ActiveCfg = Release|Any CPU
		{2BB41C51-9BE0-49C9-91FD-C4E444994ECE}.Release|Any CPU.Build.0 = Release|Any CPU
		{9ABA5418-95BB-40DB-B4BC-71698A37066D}.Debug|Any CPU.ActiveCfg = Debug|Any CPU
		{9ABA5418-95BB-40DB-B4BC-71698A37066D}.Debug|Any CPU.Build.0 = Debug|Any CPU
		{9ABA5418-95BB-40DB-B4BC-71698A37066D}.Release|Any CPU.ActiveCfg = Release|Any CPU
		{9ABA5418-95BB-40DB-B4BC-71698A37066D}.Release|Any CPU.Build.0 = Release|Any CPU
		{2C2F3380-781D-45DE-B387-AEF26B834F29}.Debug|Any CPU.ActiveCfg = Debug|Any CPU
		{2C2F3380-781D-45DE-B387-AEF26B834F29}.Debug|Any CPU.Build.0 = Debug|Any CPU
		{2C2F3380-781D-45DE-B387-AEF26B834F29}.Release|Any CPU.ActiveCfg = Release|Any CPU
		{2C2F3380-781D-45DE-B387-AEF26B834F29}.Release|Any CPU.Build.0 = Release|Any CPU
		{B164BAEC-9D66-4846-B152-2F8914406B89}.Debug|Any CPU.ActiveCfg = Debug|Any CPU
		{B164BAEC-9D66-4846-B152-2F8914406B89}.Debug|Any CPU.Build.0 = Debug|Any CPU
		{B164BAEC-9D66-4846-B152-2F8914406B89}.Release|Any CPU.ActiveCfg = Release|Any CPU
		{B164BAEC-9D66-4846-B152-2F8914406B89}.Release|Any CPU.Build.0 = Release|Any CPU
		{93B946C8-3F78-465A-8CC4-C0FC4127B762}.Debug|Any CPU.ActiveCfg = Debug|Any CPU
		{93B946C8-3F78-465A-8CC4-C0FC4127B762}.Debug|Any CPU.Build.0 = Debug|Any CPU
		{93B946C8-3F78-465A-8CC4-C0FC4127B762}.Release|Any CPU.ActiveCfg = Release|Any CPU
		{93B946C8-3F78-465A-8CC4-C0FC4127B762}.Release|Any CPU.Build.0 = Release|Any CPU
		{8CFE0309-D2CB-4FF3-9A30-6C52A1345D08}.Debug|Any CPU.ActiveCfg = Debug|Any CPU
		{8CFE0309-D2CB-4FF3-9A30-6C52A1345D08}.Debug|Any CPU.Build.0 = Debug|Any CPU
		{8CFE0309-D2CB-4FF3-9A30-6C52A1345D08}.Release|Any CPU.ActiveCfg = Release|Any CPU
		{8CFE0309-D2CB-4FF3-9A30-6C52A1345D08}.Release|Any CPU.Build.0 = Release|Any CPU
		{C9A4F3E1-5152-4648-A409-368576975ACE}.Debug|Any CPU.ActiveCfg = Debug|Any CPU
		{C9A4F3E1-5152-4648-A409-368576975ACE}.Debug|Any CPU.Build.0 = Debug|Any CPU
		{C9A4F3E1-5152-4648-A409-368576975ACE}.Release|Any CPU.ActiveCfg = Release|Any CPU
		{C9A4F3E1-5152-4648-A409-368576975ACE}.Release|Any CPU.Build.0 = Release|Any CPU
		{A2401E3A-586A-41FF-8237-3FB598C5FCF9}.Debug|Any CPU.ActiveCfg = Debug|Any CPU
		{A2401E3A-586A-41FF-8237-3FB598C5FCF9}.Debug|Any CPU.Build.0 = Debug|Any CPU
		{A2401E3A-586A-41FF-8237-3FB598C5FCF9}.Release|Any CPU.ActiveCfg = Release|Any CPU
		{A2401E3A-586A-41FF-8237-3FB598C5FCF9}.Release|Any CPU.Build.0 = Release|Any CPU
		{5294706E-E600-4EA1-B904-66A41561E852}.Debug|Any CPU.ActiveCfg = Debug|Any CPU
		{5294706E-E600-4EA1-B904-66A41561E852}.Debug|Any CPU.Build.0 = Debug|Any CPU
		{5294706E-E600-4EA1-B904-66A41561E852}.Release|Any CPU.ActiveCfg = Release|Any CPU
		{5294706E-E600-4EA1-B904-66A41561E852}.Release|Any CPU.Build.0 = Release|Any CPU
		{C1D256BA-68B9-437A-8907-599C3A388C37}.Debug|Any CPU.ActiveCfg = Debug|Any CPU
		{C1D256BA-68B9-437A-8907-599C3A388C37}.Debug|Any CPU.Build.0 = Debug|Any CPU
		{C1D256BA-68B9-437A-8907-599C3A388C37}.Release|Any CPU.ActiveCfg = Release|Any CPU
		{C1D256BA-68B9-437A-8907-599C3A388C37}.Release|Any CPU.Build.0 = Release|Any CPU
		{482C4303-056C-47BE-95A8-48C47E31E7AD}.Debug|Any CPU.ActiveCfg = Debug|Any CPU
		{482C4303-056C-47BE-95A8-48C47E31E7AD}.Debug|Any CPU.Build.0 = Debug|Any CPU
		{482C4303-056C-47BE-95A8-48C47E31E7AD}.Release|Any CPU.ActiveCfg = Release|Any CPU
		{482C4303-056C-47BE-95A8-48C47E31E7AD}.Release|Any CPU.Build.0 = Release|Any CPU
		{FEC7BA2B-23C3-4F4F-96EF-BF1F1909EB03}.Debug|Any CPU.ActiveCfg = Debug|Any CPU
		{FEC7BA2B-23C3-4F4F-96EF-BF1F1909EB03}.Debug|Any CPU.Build.0 = Debug|Any CPU
		{FEC7BA2B-23C3-4F4F-96EF-BF1F1909EB03}.Release|Any CPU.ActiveCfg = Release|Any CPU
		{FEC7BA2B-23C3-4F4F-96EF-BF1F1909EB03}.Release|Any CPU.Build.0 = Release|Any CPU
	EndGlobalSection
	GlobalSection(SolutionProperties) = preSolution
		HideSolutionNode = FALSE
	EndGlobalSection
	GlobalSection(ExtensibilityGlobals) = postSolution
		RESX_TaskErrorCategory = Message
		RESX_AutoCreateNewLanguageFiles = True
		SolutionGuid = {28C2EDB6-0FA0-409F-987C-7A24F542D0CF}
	EndGlobalSection
EndGlobal
