Microsoft Visual Studio Solution File, Format Version 12.00
# Visual Studio 14
VisualStudioVersion = 14.0.24720.0
MinimumVisualStudioVersion = 10.0.40219.1
Project("{FAE04EC0-301F-11D3-BF4B-00C04F79EFBC}") = "EliteDangerousCompanionAppService", "EliteDangerousCompanionAppService\EliteDangerousCompanionAppService.csproj", "{462ED721-1C9C-43FA-8A3F-4C1644363A5A}"
EndProject
Project("{FAE04EC0-301F-11D3-BF4B-00C04F79EFBC}") = "EDDIVAPlugin", "EDDIVAPlugin\EDDIVAPlugin.csproj", "{E98B76A0-B7BC-4F59-8E4F-BD16B22A5AC6}"
	ProjectSection(ProjectDependencies) = postProject
		{C5F48807-921B-456D-A9E4-A0282E5E8CF1} = {C5F48807-921B-456D-A9E4-A0282E5E8CF1}
		{462ED721-1C9C-43FA-8A3F-4C1644363A5A} = {462ED721-1C9C-43FA-8A3F-4C1644363A5A}
	EndProjectSection
EndProject
Project("{FAE04EC0-301F-11D3-BF4B-00C04F79EFBC}") = "EliteDangerousDataProviderService", "EliteDangerousDataProviderService\EliteDangerousDataProviderService.csproj", "{C5F48807-921B-456D-A9E4-A0282E5E8CF1}"
EndProject
Project("{FAE04EC0-301F-11D3-BF4B-00C04F79EFBC}") = "Tests", "Tests\Tests.csproj", "{28758371-6B62-47B6-B2CB-7103833BEECF}"
	ProjectSection(ProjectDependencies) = postProject
		{C5F48807-921B-456D-A9E4-A0282E5E8CF1} = {C5F48807-921B-456D-A9E4-A0282E5E8CF1}
		{462ED721-1C9C-43FA-8A3F-4C1644363A5A} = {462ED721-1C9C-43FA-8A3F-4C1644363A5A}
		{0928ADE6-F260-4820-AFBC-1661130C3474} = {0928ADE6-F260-4820-AFBC-1661130C3474}
	EndProjectSection
EndProject
Project("{FAE04EC0-301F-11D3-BF4B-00C04F79EFBC}") = "EliteDangerousDataDefinitions", "EliteDangerousDataDefinitions\EliteDangerousDataDefinitions.csproj", "{0C845B02-E283-43D8-91A7-205AD3397371}"
EndProject
Project("{2150E333-8FDC-42A3-9474-1A3956D46DE8}") = "Solution Items", "Solution Items", "{21887F65-3357-4D63-890C-CDDBDDD9DB14}"
	ProjectSection(SolutionItems) = preProject
		ChangeLog.md = ChangeLog.md
		README.md = README.md
	EndProjectSection
EndProject
Project("{FAE04EC0-301F-11D3-BF4B-00C04F79EFBC}") = "EliteDangerousNetLogMonitor", "EliteDangerousNetLogMonitor\EliteDangerousNetLogMonitor.csproj", "{0928ADE6-F260-4820-AFBC-1661130C3474}"
EndProject
Project("{FAE04EC0-301F-11D3-BF4B-00C04F79EFBC}") = "EliteDangerousStarMapService", "EliteDangerousStarMapService\EliteDangerousStarMapService.csproj", "{6614E6AD-65AE-49FC-850B-9DF79D1CC998}"
EndProject
Project("{FAE04EC0-301F-11D3-BF4B-00C04F79EFBC}") = "configuration", "configuration\configuration.csproj", "{583FA617-A93D-4A69-BF2F-13911ED0099A}"
	ProjectSection(ProjectDependencies) = postProject
		{C5F48807-921B-456D-A9E4-A0282E5E8CF1} = {C5F48807-921B-456D-A9E4-A0282E5E8CF1}
		{19572A69-C13A-459D-AB72-2B0F034AC27F} = {19572A69-C13A-459D-AB72-2B0F034AC27F}
	EndProjectSection
EndProject
Project("{FAE04EC0-301F-11D3-BF4B-00C04F79EFBC}") = "EliteDangerousSpeechService", "EliteDangerousSpeechService\EliteDangerousSpeechService.csproj", "{19572A69-C13A-459D-AB72-2B0F034AC27F}"
EndProject
Global
	GlobalSection(SolutionConfigurationPlatforms) = preSolution
		Debug|Any CPU = Debug|Any CPU
		Release|Any CPU = Release|Any CPU
	EndGlobalSection
	GlobalSection(ProjectConfigurationPlatforms) = postSolution
		{462ED721-1C9C-43FA-8A3F-4C1644363A5A}.Debug|Any CPU.ActiveCfg = Debug|Any CPU
		{462ED721-1C9C-43FA-8A3F-4C1644363A5A}.Debug|Any CPU.Build.0 = Debug|Any CPU
		{462ED721-1C9C-43FA-8A3F-4C1644363A5A}.Release|Any CPU.ActiveCfg = Release|Any CPU
		{462ED721-1C9C-43FA-8A3F-4C1644363A5A}.Release|Any CPU.Build.0 = Release|Any CPU
		{E98B76A0-B7BC-4F59-8E4F-BD16B22A5AC6}.Debug|Any CPU.ActiveCfg = Debug|Any CPU
		{E98B76A0-B7BC-4F59-8E4F-BD16B22A5AC6}.Debug|Any CPU.Build.0 = Debug|Any CPU
		{E98B76A0-B7BC-4F59-8E4F-BD16B22A5AC6}.Release|Any CPU.ActiveCfg = Release|Any CPU
		{E98B76A0-B7BC-4F59-8E4F-BD16B22A5AC6}.Release|Any CPU.Build.0 = Release|Any CPU
		{C5F48807-921B-456D-A9E4-A0282E5E8CF1}.Debug|Any CPU.ActiveCfg = Debug|Any CPU
		{C5F48807-921B-456D-A9E4-A0282E5E8CF1}.Debug|Any CPU.Build.0 = Debug|Any CPU
		{C5F48807-921B-456D-A9E4-A0282E5E8CF1}.Release|Any CPU.ActiveCfg = Release|Any CPU
		{C5F48807-921B-456D-A9E4-A0282E5E8CF1}.Release|Any CPU.Build.0 = Release|Any CPU
		{28758371-6B62-47B6-B2CB-7103833BEECF}.Debug|Any CPU.ActiveCfg = Debug|Any CPU
		{28758371-6B62-47B6-B2CB-7103833BEECF}.Debug|Any CPU.Build.0 = Debug|Any CPU
		{28758371-6B62-47B6-B2CB-7103833BEECF}.Release|Any CPU.ActiveCfg = Release|Any CPU
		{28758371-6B62-47B6-B2CB-7103833BEECF}.Release|Any CPU.Build.0 = Release|Any CPU
		{0C845B02-E283-43D8-91A7-205AD3397371}.Debug|Any CPU.ActiveCfg = Debug|Any CPU
		{0C845B02-E283-43D8-91A7-205AD3397371}.Debug|Any CPU.Build.0 = Debug|Any CPU
		{0C845B02-E283-43D8-91A7-205AD3397371}.Release|Any CPU.ActiveCfg = Release|Any CPU
		{0C845B02-E283-43D8-91A7-205AD3397371}.Release|Any CPU.Build.0 = Release|Any CPU
		{0928ADE6-F260-4820-AFBC-1661130C3474}.Debug|Any CPU.ActiveCfg = Debug|Any CPU
		{0928ADE6-F260-4820-AFBC-1661130C3474}.Debug|Any CPU.Build.0 = Debug|Any CPU
		{0928ADE6-F260-4820-AFBC-1661130C3474}.Release|Any CPU.ActiveCfg = Release|Any CPU
		{0928ADE6-F260-4820-AFBC-1661130C3474}.Release|Any CPU.Build.0 = Release|Any CPU
		{6614E6AD-65AE-49FC-850B-9DF79D1CC998}.Debug|Any CPU.ActiveCfg = Debug|Any CPU
		{6614E6AD-65AE-49FC-850B-9DF79D1CC998}.Debug|Any CPU.Build.0 = Debug|Any CPU
		{6614E6AD-65AE-49FC-850B-9DF79D1CC998}.Release|Any CPU.ActiveCfg = Release|Any CPU
		{6614E6AD-65AE-49FC-850B-9DF79D1CC998}.Release|Any CPU.Build.0 = Release|Any CPU
		{583FA617-A93D-4A69-BF2F-13911ED0099A}.Debug|Any CPU.ActiveCfg = Debug|Any CPU
		{583FA617-A93D-4A69-BF2F-13911ED0099A}.Debug|Any CPU.Build.0 = Debug|Any CPU
		{583FA617-A93D-4A69-BF2F-13911ED0099A}.Release|Any CPU.ActiveCfg = Release|Any CPU
		{583FA617-A93D-4A69-BF2F-13911ED0099A}.Release|Any CPU.Build.0 = Release|Any CPU
		{19572A69-C13A-459D-AB72-2B0F034AC27F}.Debug|Any CPU.ActiveCfg = Debug|Any CPU
		{19572A69-C13A-459D-AB72-2B0F034AC27F}.Debug|Any CPU.Build.0 = Debug|Any CPU
		{19572A69-C13A-459D-AB72-2B0F034AC27F}.Release|Any CPU.ActiveCfg = Release|Any CPU
		{19572A69-C13A-459D-AB72-2B0F034AC27F}.Release|Any CPU.Build.0 = Release|Any CPU
	EndGlobalSection
	GlobalSection(SolutionProperties) = preSolution
		HideSolutionNode = FALSE
	EndGlobalSection
EndGlobal
